# THIS IS AN AUTOGENERATED FILE. DO NOT EDIT THIS FILE DIRECTLY.
# yarn lockfile v1


"@uirouter/core@5.0.21":
  version "5.0.21"
  resolved "https://registry.yarnpkg.com/@uirouter/core/-/core-5.0.21.tgz#b6c4c311e9416a1e8ce76b072e042a60224d1b3a"
  integrity sha512-QWHc0wT00qtYNkT0BXZaFNLLHZyux0qJjF8c2WklW5/Q0Z866NoJjJErEMWjQb/AR+olkR2NlfEEi8KTQU2OpA==

angular-animate@1.7.0:
  version "1.7.0"
  resolved "https://registry.yarnpkg.com/angular-animate/-/angular-animate-1.7.0.tgz#c04293068ee0986dc00ba154626d74bf51f25576"
  integrity sha512-508uYJLhcX85cKqOlp3stzv1WEnlEtKPGC2J1ljn8sxhwUhENWte2lGI8DJev26Lsk5dHpinBSJC/J0f7jj53w==

angular-datepicker@1.0.5:
  version "1.0.5"
  resolved "https://registry.yarnpkg.com/angular-datepicker/-/angular-datepicker-1.0.5.tgz#15ac3013f8ed2354fa1446d00a9cc928059e53b2"
  integrity sha1-FawwE/jtI1T6FEbQCpzJKAWeU7I=

angular-local-storage@0.7.1:
  version "0.7.1"
  resolved "https://registry.yarnpkg.com/angular-local-storage/-/angular-local-storage-0.7.1.tgz#fbd2730763c29fa9af5725e0186c780621e8cdd2"
  integrity sha1-+9JzB2PCn6mvVyXgGGx4BiHozdI=

angular-resource@1.7.0:
  version "1.7.0"
  resolved "https://registry.yarnpkg.com/angular-resource/-/angular-resource-1.7.0.tgz#356f92cafd68ded59862d7af34ddf8c08ac414b4"
  integrity sha512-qqblbpS3bZmSEz0Bf4HfjhT2BH1GqS5eodtJu8Clp1qOHEz8o8Ggd782Vb7aZ+8TPFeKMRYCwZBOQZNALKFm6w==

angular-sanitize@1.7.0:
  version "1.7.0"
  resolved "https://registry.yarnpkg.com/angular-sanitize/-/angular-sanitize-1.7.0.tgz#8ff2870fa3f6d4d0e0647900dbc01258ebeee1c1"
  integrity sha512-AIBJ9Es6symE0aqDeSYRoHlZ/Wsvyk3YnMsLl+I8T5EWz2Ht7+6ffMvrFpnWPNS1jV75JtOeOWpOHpbP3HjRCw==

angular-ui-bootstrap@2.5.6:
  version "2.5.6"
  resolved "https://registry.yarnpkg.com/angular-ui-bootstrap/-/angular-ui-bootstrap-2.5.6.tgz#23937322ec641a6fbee16498cc32452aa199e7c5"
  integrity sha512-yzcHpPMLQl0232nDzm5P4iAFTFQ9dMw0QgFLuKYbDj9M0xJ62z0oudYD/Lvh1pWfRsukiytP4Xj6BHOSrSXP8A==

angular-ui-router@1.0.20:
  version "1.0.20"
  resolved "https://registry.yarnpkg.com/angular-ui-router/-/angular-ui-router-1.0.20.tgz#86dbaaa3368df0c319f3328f4ace616a246cf394"
  integrity sha512-D9Y+qOq6StinrlyeiHp7wbOBL5UbwaHW1dgpfQZ6fWuQ5Q5UOrJfe3S28XWDt8ybOKaUh2ds/IFXib5vCu8Opg==
  dependencies:
    "@uirouter/core" "5.0.21"

angular@1.7.0:
  version "1.7.0"
  resolved "https://registry.yarnpkg.com/angular/-/angular-1.7.0.tgz#e45d679fc8d81040a4894c7ccc16a4e1ad0a9ca6"
  integrity sha512-3LboCLjrOuC7dWh953O0+dI3dJ7PexYRSCIrfqoN5qoHyja/wak3eWoxPKb2Sl2qwiPbrUV5KJXwgpUQ48McBQ==

jquery@2.1.4:
  version "2.1.4"
  resolved "https://registry.yarnpkg.com/jquery/-/jquery-2.1.4.tgz#228bde698a0c61431dc2630a6a154f15890d2317"
  integrity sha1-IoveaYoMYUMdwmMKahVPFYkNIxc=

ng-dialog@0.6.4:
  version "0.6.4"
  resolved "https://registry.yarnpkg.com/ng-dialog/-/ng-dialog-0.6.4.tgz#f3eae8adf5eaffbebd6d672928555d4c095296b3"
  integrity sha1-8+rorfXq/769bWcpKFVdTAlSlrM=

ng-infinite-scroll@1.3.0:
  version "1.3.0"
  resolved "https://registry.yarnpkg.com/ng-infinite-scroll/-/ng-infinite-scroll-1.3.0.tgz#c2e98d8fd134b0525a4d2cf58c95d9b583755112"
  integrity sha1-wumNj9E0sFJaTSz1jJXZtYN1URI=

tether@1.1.1:
  version "1.1.1"
  resolved "https://registry.yarnpkg.com/tether/-/tether-1.1.1.tgz#d1b1d5eefcf3692ecf9ac038f29d025119c7ccb6"
  integrity sha1-0bHV7vzzaS7PmsA48p0CURnHzLY=
